
Microsoft Visual Studio Solution File, Format Version 12.00
# Visual Studio Version 17
VisualStudioVersion = 17.0.31903.59
MinimumVisualStudioVersion = 10.0.40219.1
Project("{FAE04EC0-301F-11D3-BF4B-00C04F79EFBC}") = "Amg-Ingressos-aqui-notificacao", "Amg-Ingressos-aqui-notificacao-api\Amg-Ingressos-aqui-notificacao-api.csproj", "{F1026B90-AD51-42E4-8E3F-D998AF0C6930}"
EndProject
Global
	GlobalSection(SolutionConfigurationPlatforms) = preSolution
		Debug|Any CPU = Debug|Any CPU
		Release|Any CPU = Release|Any CPU
	EndGlobalSection
	GlobalSection(SolutionProperties) = preSolution
		HideSolutionNode = FALSE
	EndGlobalSection
	GlobalSection(ProjectConfigurationPlatforms) = postSolution
		{F1026B90-AD51-42E4-8E3F-D998AF0C6930}.Debug|Any CPU.ActiveCfg = Debug|Any CPU
		{F1026B90-AD51-42E4-8E3F-D998AF0C6930}.Debug|Any CPU.Build.0 = Debug|Any CPU
		{F1026B90-AD51-42E4-8E3F-D998AF0C6930}.Release|Any CPU.ActiveCfg = Release|Any CPU
		{F1026B90-AD51-42E4-8E3F-D998AF0C6930}.Release|Any CPU.Build.0 = Release|Any CPU
	EndGlobalSection
EndGlobal
